# context.lock — generated by yourcounterpart context sync
# DO NOT EDIT MANUALLY. Run: yourcounterpart context sync
# Generated: 2026-05-18T16:49:26Z

sha256:8656d26580f16c5650f9e017f2113c5212c51a05d81a9cb1e73fefcf0e7fcbed  context/index.md
sha256:e3b0c44298fc1c149afbf4c8996fb92427ae41e4649b934ca495991b7852b855  context/stories/.gitkeep

sha256:7af8d1bb4ad98a15c1644e9c982aa832b6bb34bcb944718744e6cb2609ebed7f  .
