# context.lock — generated by yourcounterpart context sync
# DO NOT EDIT MANUALLY. Run: yourcounterpart context sync
# Generated: 2026-05-19T01:11:11Z

sha256:f120a1c4eb7e3cecae59175aa714cf2264a3076526056aec9c9fd44a25dfb1ef  context/index.md
sha256:222162a429723adf7888238cc3c21122a359e3c2f612f5b5ab0929d44bfe2c9a  context/stories/how-to-add-a-provider.md
sha256:82653a43106cde947ded0237aface5489595a9f56d854189378ace37a26faabf  context/stories/where-does-it-go.md

sha256:0b3e2d81eac7d350252a55a77c039209c3aec4b014ecd9dd60d46885cfef5247  .
