# context.lock — generated by scripts/context-lock.sh generate
# DO NOT EDIT MANUALLY. Run: bash scripts/context-lock.sh generate
# Generated: 2026-05-19T13:04:57Z

sha256:c46482f78e293b4fcb3a2842909b3dc19237914bb7fedc4c7b30875291343dcb  context/index.md
sha256:066c4232d9cbcb7785677eb5504b581491ecb2906687c12d289ff09b2a6127a6  context/stories/how-to-add-a-provider.md
sha256:a1f9bf84912846b58f717191b92662bd919ee452104b83f364595fc34ce1ccb8  context/stories/how-to-adopt-context-lock.md
sha256:07c01514c421362de9eca4b595b1a29517fac8f841acb4af9b6983baeeb0aa65  context/stories/personal-customizations.md
sha256:82653a43106cde947ded0237aface5489595a9f56d854189378ace37a26faabf  context/stories/where-does-it-go.md

sha256:49e6fa938672301291a6820a6cf50539007e0dd27e657cbdedd76d0bd651acf1  .
